
Microsoft Visual Studio Solution File, Format Version 12.00
# Visual Studio Version 16
VisualStudioVersion = 16.0.31025.194
MinimumVisualStudioVersion = 10.0.40219.1
Project("{D954291E-2A0B-460D-934E-DC6B0785DB48}") = "OuroborosVandaleriaCore", "OuroborosVandaleriaCore\OuroborosVandaleriaCore.shproj", "{A0CDBD0E-3A41-42B7-9425-A838BC2C7383}"
EndProject
Project("{FAE04EC0-301F-11D3-BF4B-00C04F79EFBC}") = "OuroborosVandaleria.Windows", "OuroborosVandaleria.Windows\OuroborosVandaleria.Windows.csproj", "{06F908F8-0A8E-40A6-B103-F155531B497B}"
EndProject
Global
	GlobalSection(SharedMSBuildProjectFiles) = preSolution
		OuroborosVandaleriaCore\OuroborosVandaleriaCore.projitems*{06f908f8-0a8e-40a6-b103-f155531b497b}*SharedItemsImports = 5
		OuroborosVandaleriaCore\OuroborosVandaleriaCore.projitems*{a0cdbd0e-3a41-42b7-9425-a838bc2c7383}*SharedItemsImports = 13
	EndGlobalSection
	GlobalSection(SolutionConfigurationPlatforms) = preSolution
		Debug|Any CPU = Debug|Any CPU
		Release|Any CPU = Release|Any CPU
	EndGlobalSection
	GlobalSection(ProjectConfigurationPlatforms) = postSolution
		{06F908F8-0A8E-40A6-B103-F155531B497B}.Debug|Any CPU.ActiveCfg = Debug|Any CPU
		{06F908F8-0A8E-40A6-B103-F155531B497B}.Debug|Any CPU.Build.0 = Debug|Any CPU
		{06F908F8-0A8E-40A6-B103-F155531B497B}.Release|Any CPU.ActiveCfg = Release|Any CPU
		{06F908F8-0A8E-40A6-B103-F155531B497B}.Release|Any CPU.Build.0 = Release|Any CPU
	EndGlobalSection
	GlobalSection(SolutionProperties) = preSolution
		HideSolutionNode = FALSE
	EndGlobalSection
	GlobalSection(ExtensibilityGlobals) = postSolution
		SolutionGuid = {E81EAE70-E876-46FF-B754-4C5CD9473A2D}
	EndGlobalSection
EndGlobal
