
Microsoft Visual Studio Solution File, Format Version 12.00
# Visual Studio Version 16
VisualStudioVersion = 16.0.30804.86
MinimumVisualStudioVersion = 10.0.40219.1
Project("{9A19103F-16F7-4668-BE54-9A1E7A4F7556}") = "OurborosVandaleria.Desktop", "OurborosVandaleria.Desktop.csproj", "{99FB68E3-357B-479D-A840-24EAEF51A9EC}"
EndProject
Project("{D954291E-2A0B-460D-934E-DC6B0785DB48}") = "OuroborosVandaleriaCore", "..\OuroborosVandaleria\OuroborosVandaleriaCore.shproj", "{A0CDBD0E-3A41-42B7-9425-A838BC2C7383}"
EndProject
Global
	GlobalSection(SharedMSBuildProjectFiles) = preSolution
		..\OuroborosVandaleria\OuroborosVandaleria.projitems*{99fb68e3-357b-479d-a840-24eaef51a9ec}*SharedItemsImports = 5
		..\OuroborosVandaleria\OuroborosVandaleria.projitems*{a0cdbd0e-3a41-42b7-9425-a838bc2c7383}*SharedItemsImports = 13
	EndGlobalSection
	GlobalSection(SolutionConfigurationPlatforms) = preSolution
		Debug|Any CPU = Debug|Any CPU
		Release|Any CPU = Release|Any CPU
	EndGlobalSection
	GlobalSection(ProjectConfigurationPlatforms) = postSolution
		{99FB68E3-357B-479D-A840-24EAEF51A9EC}.Debug|Any CPU.ActiveCfg = Debug|Any CPU
		{99FB68E3-357B-479D-A840-24EAEF51A9EC}.Debug|Any CPU.Build.0 = Debug|Any CPU
		{99FB68E3-357B-479D-A840-24EAEF51A9EC}.Release|Any CPU.ActiveCfg = Release|Any CPU
		{99FB68E3-357B-479D-A840-24EAEF51A9EC}.Release|Any CPU.Build.0 = Release|Any CPU
	EndGlobalSection
	GlobalSection(SolutionProperties) = preSolution
		HideSolutionNode = FALSE
	EndGlobalSection
	GlobalSection(ExtensibilityGlobals) = postSolution
		SolutionGuid = {890FDF7F-893B-4AD4-AFF3-C675DC4737D4}
	EndGlobalSection
EndGlobal
